
Microsoft Visual Studio Solution File, Format Version 12.00
# Visual Studio 14
VisualStudioVersion = 14.0.25420.1
MinimumVisualStudioVersion = 10.0.40219.1
Project("{FAE04EC0-301F-11D3-BF4B-00C04F79EFBC}") = "ShakeAnAppleBlog.Database", "ShakeAnAppleBlog.Database\ShakeAnAppleBlog.Database.csproj", "{FD3662A1-49F6-46FB-92C2-AD43F676CA01}"
EndProject
Project("{8BB2217D-0F2D-49D1-97BC-3654ED321F3B}") = "ShakeAnAppleBlog.Web", "ShakeAnAppleBlog.Web\ShakeAnAppleBlog.Web.xproj", "{F3639B8C-4215-4B07-8495-C7899F36DB24}"
EndProject
Global
	GlobalSection(SolutionConfigurationPlatforms) = preSolution
		Debug|Any CPU = Debug|Any CPU
		Release|Any CPU = Release|Any CPU
	EndGlobalSection
	GlobalSection(ProjectConfigurationPlatforms) = postSolution
		{FD3662A1-49F6-46FB-92C2-AD43F676CA01}.Debug|Any CPU.ActiveCfg = Debug|Any CPU
		{FD3662A1-49F6-46FB-92C2-AD43F676CA01}.Debug|Any CPU.Build.0 = Debug|Any CPU
		{FD3662A1-49F6-46FB-92C2-AD43F676CA01}.Release|Any CPU.ActiveCfg = Release|Any CPU
		{FD3662A1-49F6-46FB-92C2-AD43F676CA01}.Release|Any CPU.Build.0 = Release|Any CPU
		{F3639B8C-4215-4B07-8495-C7899F36DB24}.Debug|Any CPU.ActiveCfg = Debug|Any CPU
		{F3639B8C-4215-4B07-8495-C7899F36DB24}.Debug|Any CPU.Build.0 = Debug|Any CPU
		{F3639B8C-4215-4B07-8495-C7899F36DB24}.Release|Any CPU.ActiveCfg = Release|Any CPU
		{F3639B8C-4215-4B07-8495-C7899F36DB24}.Release|Any CPU.Build.0 = Release|Any CPU
	EndGlobalSection
	GlobalSection(SolutionProperties) = preSolution
		HideSolutionNode = FALSE
	EndGlobalSection
EndGlobal
